
Microsoft Visual Studio Solution File, Format Version 12.00
# Visual Studio Version 17
VisualStudioVersion = 17.10.34928.147
MinimumVisualStudioVersion = 10.0.40219.1
Project("{FAE04EC0-301F-11D3-BF4B-00C04F79EFBC}") = "ControleGastosResidenciais", "ControleGastosResidenciais.csproj", "{DA5369B1-018B-487A-8D64-4679CE0E7579}"
EndProject
Project("{FAE04EC0-301F-11D3-BF4B-00C04F79EFBC}") = "ControleGastosResidenciaisTeste", "..\ControleGastosResidenciaisTeste\ControleGastosResidenciaisTeste.csproj", "{4007D554-B8F4-4FD9-BAA8-0B9E0C412832}"
EndProject
Global
	GlobalSection(SolutionConfigurationPlatforms) = preSolution
		Debug|Any CPU = Debug|Any CPU
		Release|Any CPU = Release|Any CPU
	EndGlobalSection
	GlobalSection(ProjectConfigurationPlatforms) = postSolution
		{DA5369B1-018B-487A-8D64-4679CE0E7579}.Debug|Any CPU.ActiveCfg = Debug|Any CPU
		{DA5369B1-018B-487A-8D64-4679CE0E7579}.Debug|Any CPU.Build.0 = Debug|Any CPU
		{DA5369B1-018B-487A-8D64-4679CE0E7579}.Release|Any CPU.ActiveCfg = Release|Any CPU
		{DA5369B1-018B-487A-8D64-4679CE0E7579}.Release|Any CPU.Build.0 = Release|Any CPU
		{4007D554-B8F4-4FD9-BAA8-0B9E0C412832}.Debug|Any CPU.ActiveCfg = Debug|Any CPU
		{4007D554-B8F4-4FD9-BAA8-0B9E0C412832}.Debug|Any CPU.Build.0 = Debug|Any CPU
		{4007D554-B8F4-4FD9-BAA8-0B9E0C412832}.Release|Any CPU.ActiveCfg = Release|Any CPU
		{4007D554-B8F4-4FD9-BAA8-0B9E0C412832}.Release|Any CPU.Build.0 = Release|Any CPU
	EndGlobalSection
	GlobalSection(SolutionProperties) = preSolution
		HideSolutionNode = FALSE
	EndGlobalSection
	GlobalSection(ExtensibilityGlobals) = postSolution
		SolutionGuid = {E6F0052F-D52A-4F8F-82A3-C7F13E64416F}
	EndGlobalSection
EndGlobal
